# This file is automatically @generated by Poetry 1.7.1 and should not be changed by hand.

[[package]]
name = "bme280"
version = "0.7"
description = "Python Driver for the BME280 Temperature/Pressure/Humidity Sensor from Bosch."
optional = false
python-versions = "*"
files = [
    {file = "bme280-0.7-py2.py3-none-any.whl", hash = "sha256:46569f67c0eef1b2d94dc97e1f881a18bde817d8b21797b041410ff375b6fe14"},
    {file = "bme280-0.7.tar.gz", hash = "sha256:6ec74373f650d7c5cfffdcd0d78cefc712b62cb3dfc63054a2233cfbae25e0db"},
]

[[package]]
name = "i2cdevice"
version = "1.0.0"
description = "Python framework for interacting with SMBus-compatible i2c devices"
optional = false
python-versions = ">=3.7"
files = [
    {file = "i2cdevice-1.0.0-py3-none-any.whl", hash = "sha256:595cfa3815aab4d8a4bbe1cbd4a4e1271d56cf7c1de367eab6a94dd80566f0c1"},
    {file = "i2cdevice-1.0.0.tar.gz", hash = "sha256:a9a5d1666a11b6733d16c73f148fc85cba767dd1b976e5bcc56ad970986c96c4"},
]

[package.dependencies]
smbus2 = "*"

[[package]]
name = "ltr559"
version = "1.0.0"
description = "Python library for the LTR559 light and proximity"
optional = false
python-versions = ">=3.7"
files = [
    {file = "ltr559-1.0.0-py3-none-any.whl", hash = "sha256:0805f2d9ab43b2f622847ec71cb6fbca2b91b396aafb121d911172a366a56c3d"},
    {file = "ltr559-1.0.0.tar.gz", hash = "sha256:5efe5940faeeb42ee3a7b8fca3c0b4c6ceb6005e4dca59e20a086e8fe1bdaf29"},
]

[package.dependencies]
i2cdevice = ">=1.0.0"

[[package]]
name = "smbus2"
version = "0.4.3"
description = "smbus2 is a drop-in replacement for smbus-cffi/smbus-python in pure Python"
optional = false
python-versions = "*"
files = [
    {file = "smbus2-0.4.3-py2.py3-none-any.whl", hash = "sha256:a2fc29cfda4081ead2ed61ef2c4fc041d71dd40a8d917e85216f44786fca2d1d"},
    {file = "smbus2-0.4.3.tar.gz", hash = "sha256:36f2288a8e1a363cb7a7b2244ec98d880eb5a728a2494ac9c71e9de7bf6a803a"},
]

[package.extras]
docs = ["sphinx (>=1.5.3)"]
qa = ["flake8"]
test = ["mock", "nose"]

[[package]]
name = "vcgencmd"
version = "0.1.1"
description = "Python binding for RaspberryPi vcgencmd command-line tool"
optional = false
python-versions = "*"
files = [
    {file = "vcgencmd-0.1.1-py3-none-any.whl", hash = "sha256:3fb3b4598a47ee9d4115f90ad5fbd16dc6f687871ce7f010350f5022d3c2c849"},
    {file = "vcgencmd-0.1.1.tar.gz", hash = "sha256:e0bb21af74d7f4e04ffe97262a54cb398f94f5139717c175ab66c101312ac94b"},
]

[metadata]
lock-version = "2.0"
python-versions = "^3.11"
content-hash = "8f664d5432bb5f4a9cb08ac1c4401d9371addf274e65b7f14e95a8469d8b868d"
